# This file is automatically @generated by Cargo.
# It is not intended for manual editing.
version = 4

[[package]]
name = "md4"
version = "0.1.0"
dependencies = [
 "padd_pars",
 "utils",
]

[[package]]
name = "md5"
version = "0.1.0"
dependencies = [
 "padd_pars",
 "utils",
]

[[package]]
name = "padd_pars"
version = "0.1.0"

[[package]]
name = "ripemd160"
version = "0.1.0"
dependencies = [
 "padd_pars",
 "utils",
]

[[package]]
name = "sha1"
version = "0.1.0"
dependencies = [
 "padd_pars",
 "utils",
]

[[package]]
name = "sha256"
version = "0.1.0"
dependencies = [
 "padd_pars",
 "utils",
]

[[package]]
name = "sha3"
version = "0.1.0"

[[package]]
name = "sha512"
version = "0.1.0"
dependencies = [
 "padd_pars",
 "utils",
]

[[package]]
name = "utils"
version = "0.1.0"
